// !$*UTF8*$!
{
	archiveVersion = 1;
	classes = {
	};
	objectVersion = 50;
	objects = {

/* Begin PBXBuildFile section */
		0F999DDA207B4D7900FF5542 /* TKSettingsController.swift in Sources */ = {isa = PBXBuildFile; fileRef = 0F999DC5207B4D7900FF5542 /* TKSettingsController.swift */; };
		0F999DDB207B4D7900FF5542 /* TKLeaderboardController.swift in Sources */ = {isa = PBXBuildFile; fileRef = 0F999DC6207B4D7900FF5542 /* TKLeaderboardController.swift */; };
		0F999DDC207B4D7900FF5542 /* TKUserProfileController.swift in Sources */ = {isa = PBXBuildFile; fileRef = 0F999DC7207B4D7900FF5542 /* TKUserProfileController.swift */; };
		0F999DDD207B4D7900FF5542 /* TKClassController.swift in Sources */ = {isa = PBXBuildFile; fileRef = 0F999DC8207B4D7900FF5542 /* TKClassController.swift */; };
		0F999DDE207B4D7900FF5542 /* TKTeacherController.swift in Sources */ = {isa = PBXBuildFile; fileRef = 0F999DC9207B4D7900FF5542 /* TKTeacherController.swift */; };
		0F999DDF207B4D7900FF5542 /* TKDocumentController.swift in Sources */ = {isa = PBXBuildFile; fileRef = 0F999DCA207B4D7900FF5542 /* TKDocumentController.swift */; };
		0F999DE0207B4D7900FF5542 /* TKShareController.swift in Sources */ = {isa = PBXBuildFile; fileRef = 0F999DCB207B4D7900FF5542 /* TKShareController.swift */; };
		0F999DE1207B4D7900FF5542 /* TKScore.swift in Sources */ = {isa = PBXBuildFile; fileRef = 0F999DCD207B4D7900FF5542 /* TKScore.swift */; };
		0F999DE2207B4D7900FF5542 /* TKDocument.swift in Sources */ = {isa = PBXBuildFile; fileRef = 0F999DCE207B4D7900FF5542 /* TKDocument.swift */; };
		0F999DE3207B4D7900FF5542 /* TKExercise.swift in Sources */ = {isa = PBXBuildFile; fileRef = 0F999DCF207B4D7900FF5542 /* TKExercise.swift */; };
		0F999DE4207B4D7900FF5542 /* TKUser.swift in Sources */ = {isa = PBXBuildFile; fileRef = 0F999DD0207B4D7900FF5542 /* TKUser.swift */; };
		0F999DE5207B4D7900FF5542 /* TKLeaderboardEntry.swift in Sources */ = {isa = PBXBuildFile; fileRef = 0F999DD1207B4D7900FF5542 /* TKLeaderboardEntry.swift */; };
		0F999DE6207B4D7900FF5542 /* TKExerciseType.swift in Sources */ = {isa = PBXBuildFile; fileRef = 0F999DD2207B4D7900FF5542 /* TKExerciseType.swift */; };
		0F999DE7207B4D7900FF5542 /* TKError.swift in Sources */ = {isa = PBXBuildFile; fileRef = 0F999DD4207B4D7900FF5542 /* TKError.swift */; };
		0F999DE8207B4D7900FF5542 /* TKRank.swift in Sources */ = {isa = PBXBuildFile; fileRef = 0F999DD5207B4D7900FF5542 /* TKRank.swift */; };
		0F999DE9207B4D7900FF5542 /* TKFetchSortOption.swift in Sources */ = {isa = PBXBuildFile; fileRef = 0F999DD6207B4D7900FF5542 /* TKFetchSortOption.swift */; };
		0F999DEA207B4D7900FF5542 /* TKColor.swift in Sources */ = {isa = PBXBuildFile; fileRef = 0F999DD7207B4D7900FF5542 /* TKColor.swift */; };
		0F999DEB207B4D7900FF5542 /* TKSubject.swift in Sources */ = {isa = PBXBuildFile; fileRef = 0F999DD8207B4D7900FF5542 /* TKSubject.swift */; };
		0F999DEC207B4D7900FF5542 /* TKClass.swift in Sources */ = {isa = PBXBuildFile; fileRef = 0F999DD9207B4D7900FF5542 /* TKClass.swift */; };
		0F999DEE207B4DF300FF5542 /* Others.swift in Sources */ = {isa = PBXBuildFile; fileRef = 0F999DED207B4DF300FF5542 /* Others.swift */; };
		0F999DF0207B4E2800FF5542 /* OfflineCloud.swift in Sources */ = {isa = PBXBuildFile; fileRef = 0F999DEF207B4E2800FF5542 /* OfflineCloud.swift */; };
<<<<<<< HEAD
		0FAB966F2085E38A00FE7F76 /* TKGenericCloudController.swift in Sources */ = {isa = PBXBuildFile; fileRef = 0FAB966E2085E38A00FE7F76 /* TKGenericCloudController.swift */; };
=======
>>>>>>> 291f87534cf24bd139154893295e97132f23356e
		0FC797102080CD2B0058813E /* CloudKitTestViewController.swift in Sources */ = {isa = PBXBuildFile; fileRef = 0FC7970F2080CD2B0058813E /* CloudKitTestViewController.swift */; };
		0FEFB4E6208499B60065A460 /* TKSubjectController.swift in Sources */ = {isa = PBXBuildFile; fileRef = 0FEFB4E5208499B60065A460 /* TKSubjectController.swift */; };
		0FEFB4E82084A86B0065A460 /* TKExerciseController.swift in Sources */ = {isa = PBXBuildFile; fileRef = 0FEFB4E72084A86B0065A460 /* TKExerciseController.swift */; };
		0FEFB4EB2084A8D30065A460 /* Extension+CKRecordZone.swift in Sources */ = {isa = PBXBuildFile; fileRef = 0FEFB4EA2084A8D30065A460 /* Extension+CKRecordZone.swift */; };
		0FEFB4ED2084A8E50065A460 /* Extension+CKRecord.swift in Sources */ = {isa = PBXBuildFile; fileRef = 0FEFB4EC2084A8E50065A460 /* Extension+CKRecord.swift */; };
		0FEFB4EF2084A9000065A460 /* Keys.swift in Sources */ = {isa = PBXBuildFile; fileRef = 0FEFB4EE2084A9000065A460 /* Keys.swift */; };
		0FEFB4F12084A9210065A460 /* TeachKitCloudController.swift in Sources */ = {isa = PBXBuildFile; fileRef = 0FEFB4F02084A9210065A460 /* TeachKitCloudController.swift */; };
		47ABC329EB183166C9D98AFB /* Pods_TeachifyTests.framework in Frameworks */ = {isa = PBXBuildFile; fileRef = 8EEC6EF6F522B52BCC0D3676 /* Pods_TeachifyTests.framework */; };
		7946FC8F4F1A8A729AE3BD17 /* Pods_Teachify.framework in Frameworks */ = {isa = PBXBuildFile; fileRef = 42B49DA43F1A766D32C3996B /* Pods_Teachify.framework */; };
		83D5DF805E9E942FD007785C /* Pods_TeachifyUITests.framework in Frameworks */ = {isa = PBXBuildFile; fileRef = 2AA801A873A2A9D93CAE25BA /* Pods_TeachifyUITests.framework */; };
		AA12AF70207615170090404A /* AppDelegate.swift in Sources */ = {isa = PBXBuildFile; fileRef = AA12AF6F207615170090404A /* AppDelegate.swift */; };
		AA12AF72207615170090404A /* LoginViewController.swift in Sources */ = {isa = PBXBuildFile; fileRef = AA12AF71207615170090404A /* LoginViewController.swift */; };
		AA12AF75207615170090404A /* Main.storyboard in Resources */ = {isa = PBXBuildFile; fileRef = AA12AF73207615170090404A /* Main.storyboard */; };
		AA12AF77207615190090404A /* Assets.xcassets in Resources */ = {isa = PBXBuildFile; fileRef = AA12AF76207615190090404A /* Assets.xcassets */; };
		AA12AF7A207615190090404A /* LaunchScreen.storyboard in Resources */ = {isa = PBXBuildFile; fileRef = AA12AF78207615190090404A /* LaunchScreen.storyboard */; };
		AA12AF85207615190090404A /* TeachifyTests.swift in Sources */ = {isa = PBXBuildFile; fileRef = AA12AF84207615190090404A /* TeachifyTests.swift */; };
		AA12AF902076151A0090404A /* TeachifyUITests.swift in Sources */ = {isa = PBXBuildFile; fileRef = AA12AF8F2076151A0090404A /* TeachifyUITests.swift */; };
		AA486174207F545500C43588 /* CloudKit.framework in Frameworks */ = {isa = PBXBuildFile; fileRef = AA486173207F545500C43588 /* CloudKit.framework */; };
		AA486176207F78C300C43588 /* StudentAwardViewController.swift in Sources */ = {isa = PBXBuildFile; fileRef = AA486175207F78C300C43588 /* StudentAwardViewController.swift */; };
		AA48617C207F7FFF00C43588 /* GameCardCell.swift in Sources */ = {isa = PBXBuildFile; fileRef = AA48617B207F7FFF00C43588 /* GameCardCell.swift */; };
		AA48617E207F801F00C43588 /* GameMenuObject.swift in Sources */ = {isa = PBXBuildFile; fileRef = AA48617D207F801F00C43588 /* GameMenuObject.swift */; };
		AA486180207F8C1100C43588 /* GameCardModelSingleton.swift in Sources */ = {isa = PBXBuildFile; fileRef = AA48617F207F8C1100C43588 /* GameCardModelSingleton.swift */; };
		AA486184207F8C4200C43588 /* GameInformationItem.swift in Sources */ = {isa = PBXBuildFile; fileRef = AA486183207F8C4200C43588 /* GameInformationItem.swift */; };
		AA486186207F8FC900C43588 /* GameCollectionDelegate.swift in Sources */ = {isa = PBXBuildFile; fileRef = AA486185207F8FC900C43588 /* GameCollectionDelegate.swift */; };
		AA486188207F8FEA00C43588 /* GameCollectionDataSource.swift in Sources */ = {isa = PBXBuildFile; fileRef = AA486187207F8FEA00C43588 /* GameCollectionDataSource.swift */; };
		AA6A068B20761F5C00C9420E /* TeacherStoryboard.storyboard in Resources */ = {isa = PBXBuildFile; fileRef = AA6A068A20761F5C00C9420E /* TeacherStoryboard.storyboard */; };
		AA6A068D20761F6500C9420E /* StudentStoryboard.storyboard in Resources */ = {isa = PBXBuildFile; fileRef = AA6A068C20761F6500C9420E /* StudentStoryboard.storyboard */; };
		AA6A068F20761FA700C9420E /* StudentStoyboardID.swift in Sources */ = {isa = PBXBuildFile; fileRef = AA6A068E20761FA700C9420E /* StudentStoyboardID.swift */; };
		AA6A0693207A617C00C9420E /* StudenMainMenuViewController.swift in Sources */ = {isa = PBXBuildFile; fileRef = AA6A0692207A617C00C9420E /* StudenMainMenuViewController.swift */; };
		AAB68CE82084AD58001B6655 /* RandomQuestionGenerator.swift in Sources */ = {isa = PBXBuildFile; fileRef = AAB68CE52084AD58001B6655 /* RandomQuestionGenerator.swift */; };
		AAB68CE92084AD58001B6655 /* MathPianoGame.swift in Sources */ = {isa = PBXBuildFile; fileRef = AAB68CE62084AD58001B6655 /* MathPianoGame.swift */; };
		AAB68CEA2084AD58001B6655 /* MathPianoQuestionModel.swift in Sources */ = {isa = PBXBuildFile; fileRef = AAB68CE72084AD58001B6655 /* MathPianoQuestionModel.swift */; };
		D405534B2084AFDC00B74CAF /* GameButton.swift in Sources */ = {isa = PBXBuildFile; fileRef = D405534A2084AFDC00B74CAF /* GameButton.swift */; };
		D405534D2084B00300B74CAF /* BasicScene.swift in Sources */ = {isa = PBXBuildFile; fileRef = D405534C2084B00300B74CAF /* BasicScene.swift */; };
		D405534F2084B02E00B74CAF /* GameViewController.swift in Sources */ = {isa = PBXBuildFile; fileRef = D405534E2084B02E00B74CAF /* GameViewController.swift */; };
		D40553512084C5CB00B74CAF /* ResultScene.swift in Sources */ = {isa = PBXBuildFile; fileRef = D40553502084C5CB00B74CAF /* ResultScene.swift */; };
/* End PBXBuildFile section */

/* Begin PBXContainerItemProxy section */
		AA12AF81207615190090404A /* PBXContainerItemProxy */ = {
			isa = PBXContainerItemProxy;
			containerPortal = AA12AF64207615170090404A /* Project object */;
			proxyType = 1;
			remoteGlobalIDString = AA12AF6B207615170090404A;
			remoteInfo = Teachify;
		};
		AA12AF8C2076151A0090404A /* PBXContainerItemProxy */ = {
			isa = PBXContainerItemProxy;
			containerPortal = AA12AF64207615170090404A /* Project object */;
			proxyType = 1;
			remoteGlobalIDString = AA12AF6B207615170090404A;
			remoteInfo = Teachify;
		};
/* End PBXContainerItemProxy section */

/* Begin PBXFileReference section */
		0F22D33B207F4E44004C9024 /* Teachify.entitlements */ = {isa = PBXFileReference; lastKnownFileType = text.plist.entitlements; path = Teachify.entitlements; sourceTree = "<group>"; };
		0F999DC5207B4D7900FF5542 /* TKSettingsController.swift */ = {isa = PBXFileReference; fileEncoding = 4; lastKnownFileType = sourcecode.swift; path = TKSettingsController.swift; sourceTree = "<group>"; };
		0F999DC6207B4D7900FF5542 /* TKLeaderboardController.swift */ = {isa = PBXFileReference; fileEncoding = 4; lastKnownFileType = sourcecode.swift; path = TKLeaderboardController.swift; sourceTree = "<group>"; };
		0F999DC7207B4D7900FF5542 /* TKUserProfileController.swift */ = {isa = PBXFileReference; fileEncoding = 4; lastKnownFileType = sourcecode.swift; path = TKUserProfileController.swift; sourceTree = "<group>"; };
		0F999DC8207B4D7900FF5542 /* TKClassController.swift */ = {isa = PBXFileReference; fileEncoding = 4; lastKnownFileType = sourcecode.swift; path = TKClassController.swift; sourceTree = "<group>"; };
		0F999DC9207B4D7900FF5542 /* TKTeacherController.swift */ = {isa = PBXFileReference; fileEncoding = 4; lastKnownFileType = sourcecode.swift; path = TKTeacherController.swift; sourceTree = "<group>"; };
		0F999DCA207B4D7900FF5542 /* TKDocumentController.swift */ = {isa = PBXFileReference; fileEncoding = 4; lastKnownFileType = sourcecode.swift; path = TKDocumentController.swift; sourceTree = "<group>"; };
		0F999DCB207B4D7900FF5542 /* TKShareController.swift */ = {isa = PBXFileReference; fileEncoding = 4; lastKnownFileType = sourcecode.swift; path = TKShareController.swift; sourceTree = "<group>"; };
		0F999DCD207B4D7900FF5542 /* TKScore.swift */ = {isa = PBXFileReference; fileEncoding = 4; lastKnownFileType = sourcecode.swift; path = TKScore.swift; sourceTree = "<group>"; };
		0F999DCE207B4D7900FF5542 /* TKDocument.swift */ = {isa = PBXFileReference; fileEncoding = 4; lastKnownFileType = sourcecode.swift; path = TKDocument.swift; sourceTree = "<group>"; };
		0F999DCF207B4D7900FF5542 /* TKExercise.swift */ = {isa = PBXFileReference; fileEncoding = 4; lastKnownFileType = sourcecode.swift; path = TKExercise.swift; sourceTree = "<group>"; };
		0F999DD0207B4D7900FF5542 /* TKUser.swift */ = {isa = PBXFileReference; fileEncoding = 4; lastKnownFileType = sourcecode.swift; path = TKUser.swift; sourceTree = "<group>"; };
		0F999DD1207B4D7900FF5542 /* TKLeaderboardEntry.swift */ = {isa = PBXFileReference; fileEncoding = 4; lastKnownFileType = sourcecode.swift; path = TKLeaderboardEntry.swift; sourceTree = "<group>"; };
		0F999DD2207B4D7900FF5542 /* TKExerciseType.swift */ = {isa = PBXFileReference; fileEncoding = 4; lastKnownFileType = sourcecode.swift; path = TKExerciseType.swift; sourceTree = "<group>"; };
		0F999DD4207B4D7900FF5542 /* TKError.swift */ = {isa = PBXFileReference; fileEncoding = 4; lastKnownFileType = sourcecode.swift; path = TKError.swift; sourceTree = "<group>"; };
		0F999DD5207B4D7900FF5542 /* TKRank.swift */ = {isa = PBXFileReference; fileEncoding = 4; lastKnownFileType = sourcecode.swift; path = TKRank.swift; sourceTree = "<group>"; };
		0F999DD6207B4D7900FF5542 /* TKFetchSortOption.swift */ = {isa = PBXFileReference; fileEncoding = 4; lastKnownFileType = sourcecode.swift; path = TKFetchSortOption.swift; sourceTree = "<group>"; };
		0F999DD7207B4D7900FF5542 /* TKColor.swift */ = {isa = PBXFileReference; fileEncoding = 4; lastKnownFileType = sourcecode.swift; path = TKColor.swift; sourceTree = "<group>"; };
		0F999DD8207B4D7900FF5542 /* TKSubject.swift */ = {isa = PBXFileReference; fileEncoding = 4; lastKnownFileType = sourcecode.swift; path = TKSubject.swift; sourceTree = "<group>"; };
		0F999DD9207B4D7900FF5542 /* TKClass.swift */ = {isa = PBXFileReference; fileEncoding = 4; lastKnownFileType = sourcecode.swift; path = TKClass.swift; sourceTree = "<group>"; };
		0F999DED207B4DF300FF5542 /* Others.swift */ = {isa = PBXFileReference; lastKnownFileType = sourcecode.swift; path = Others.swift; sourceTree = "<group>"; };
		0F999DEF207B4E2800FF5542 /* OfflineCloud.swift */ = {isa = PBXFileReference; lastKnownFileType = sourcecode.swift; path = OfflineCloud.swift; sourceTree = "<group>"; };
<<<<<<< HEAD
		0FAB966E2085E38A00FE7F76 /* TKGenericCloudController.swift */ = {isa = PBXFileReference; lastKnownFileType = sourcecode.swift; path = TKGenericCloudController.swift; sourceTree = "<group>"; };
=======
>>>>>>> 291f87534cf24bd139154893295e97132f23356e
		0FC7970F2080CD2B0058813E /* CloudKitTestViewController.swift */ = {isa = PBXFileReference; lastKnownFileType = sourcecode.swift; path = CloudKitTestViewController.swift; sourceTree = "<group>"; };
		0FEFB4E5208499B60065A460 /* TKSubjectController.swift */ = {isa = PBXFileReference; lastKnownFileType = sourcecode.swift; path = TKSubjectController.swift; sourceTree = "<group>"; };
		0FEFB4E72084A86B0065A460 /* TKExerciseController.swift */ = {isa = PBXFileReference; lastKnownFileType = sourcecode.swift; path = TKExerciseController.swift; sourceTree = "<group>"; };
		0FEFB4EA2084A8D30065A460 /* Extension+CKRecordZone.swift */ = {isa = PBXFileReference; lastKnownFileType = sourcecode.swift; path = "Extension+CKRecordZone.swift"; sourceTree = "<group>"; };
		0FEFB4EC2084A8E50065A460 /* Extension+CKRecord.swift */ = {isa = PBXFileReference; lastKnownFileType = sourcecode.swift; path = "Extension+CKRecord.swift"; sourceTree = "<group>"; };
		0FEFB4EE2084A9000065A460 /* Keys.swift */ = {isa = PBXFileReference; lastKnownFileType = sourcecode.swift; path = Keys.swift; sourceTree = "<group>"; };
		0FEFB4F02084A9210065A460 /* TeachKitCloudController.swift */ = {isa = PBXFileReference; lastKnownFileType = sourcecode.swift; path = TeachKitCloudController.swift; sourceTree = "<group>"; };
		1245F710FA6AC7C5254E2206 /* Pods-Teachify.release.xcconfig */ = {isa = PBXFileReference; includeInIndex = 1; lastKnownFileType = text.xcconfig; name = "Pods-Teachify.release.xcconfig"; path = "Pods/Target Support Files/Pods-Teachify/Pods-Teachify.release.xcconfig"; sourceTree = "<group>"; };
		2AA801A873A2A9D93CAE25BA /* Pods_TeachifyUITests.framework */ = {isa = PBXFileReference; explicitFileType = wrapper.framework; includeInIndex = 0; path = Pods_TeachifyUITests.framework; sourceTree = BUILT_PRODUCTS_DIR; };
		42B49DA43F1A766D32C3996B /* Pods_Teachify.framework */ = {isa = PBXFileReference; explicitFileType = wrapper.framework; includeInIndex = 0; path = Pods_Teachify.framework; sourceTree = BUILT_PRODUCTS_DIR; };
		4E4D3EEC1AAD2A655A27D2F9 /* Pods-TeachifyUITests.release.xcconfig */ = {isa = PBXFileReference; includeInIndex = 1; lastKnownFileType = text.xcconfig; name = "Pods-TeachifyUITests.release.xcconfig"; path = "Pods/Target Support Files/Pods-TeachifyUITests/Pods-TeachifyUITests.release.xcconfig"; sourceTree = "<group>"; };
		51B0D80D9BCACEEC9F90AF8F /* Pods-TeachifyTests.debug.xcconfig */ = {isa = PBXFileReference; includeInIndex = 1; lastKnownFileType = text.xcconfig; name = "Pods-TeachifyTests.debug.xcconfig"; path = "Pods/Target Support Files/Pods-TeachifyTests/Pods-TeachifyTests.debug.xcconfig"; sourceTree = "<group>"; };
		589BDF22BCCBC2694D4213FE /* Pods-TeachifyUITests.debug.xcconfig */ = {isa = PBXFileReference; includeInIndex = 1; lastKnownFileType = text.xcconfig; name = "Pods-TeachifyUITests.debug.xcconfig"; path = "Pods/Target Support Files/Pods-TeachifyUITests/Pods-TeachifyUITests.debug.xcconfig"; sourceTree = "<group>"; };
		8EEC6EF6F522B52BCC0D3676 /* Pods_TeachifyTests.framework */ = {isa = PBXFileReference; explicitFileType = wrapper.framework; includeInIndex = 0; path = Pods_TeachifyTests.framework; sourceTree = BUILT_PRODUCTS_DIR; };
		A175285ACFD6D651B3D37807 /* Pods-Teachify.debug.xcconfig */ = {isa = PBXFileReference; includeInIndex = 1; lastKnownFileType = text.xcconfig; name = "Pods-Teachify.debug.xcconfig"; path = "Pods/Target Support Files/Pods-Teachify/Pods-Teachify.debug.xcconfig"; sourceTree = "<group>"; };
		A64284DD3AC14D1AE5910B2D /* Pods-TeachifyTests.release.xcconfig */ = {isa = PBXFileReference; includeInIndex = 1; lastKnownFileType = text.xcconfig; name = "Pods-TeachifyTests.release.xcconfig"; path = "Pods/Target Support Files/Pods-TeachifyTests/Pods-TeachifyTests.release.xcconfig"; sourceTree = "<group>"; };
		AA12AF6C207615170090404A /* Teachify.app */ = {isa = PBXFileReference; explicitFileType = wrapper.application; includeInIndex = 0; path = Teachify.app; sourceTree = BUILT_PRODUCTS_DIR; };
		AA12AF6F207615170090404A /* AppDelegate.swift */ = {isa = PBXFileReference; lastKnownFileType = sourcecode.swift; path = AppDelegate.swift; sourceTree = "<group>"; };
		AA12AF71207615170090404A /* LoginViewController.swift */ = {isa = PBXFileReference; lastKnownFileType = sourcecode.swift; path = LoginViewController.swift; sourceTree = "<group>"; };
		AA12AF74207615170090404A /* Base */ = {isa = PBXFileReference; lastKnownFileType = file.storyboard; name = Base; path = Base.lproj/Main.storyboard; sourceTree = "<group>"; };
		AA12AF76207615190090404A /* Assets.xcassets */ = {isa = PBXFileReference; lastKnownFileType = folder.assetcatalog; path = Assets.xcassets; sourceTree = "<group>"; };
		AA12AF79207615190090404A /* Base */ = {isa = PBXFileReference; lastKnownFileType = file.storyboard; name = Base; path = Base.lproj/LaunchScreen.storyboard; sourceTree = "<group>"; };
		AA12AF7B207615190090404A /* Info.plist */ = {isa = PBXFileReference; lastKnownFileType = text.plist.xml; path = Info.plist; sourceTree = "<group>"; };
		AA12AF80207615190090404A /* TeachifyTests.xctest */ = {isa = PBXFileReference; explicitFileType = wrapper.cfbundle; includeInIndex = 0; path = TeachifyTests.xctest; sourceTree = BUILT_PRODUCTS_DIR; };
		AA12AF84207615190090404A /* TeachifyTests.swift */ = {isa = PBXFileReference; lastKnownFileType = sourcecode.swift; path = TeachifyTests.swift; sourceTree = "<group>"; };
		AA12AF86207615190090404A /* Info.plist */ = {isa = PBXFileReference; lastKnownFileType = text.plist.xml; path = Info.plist; sourceTree = "<group>"; };
		AA12AF8B2076151A0090404A /* TeachifyUITests.xctest */ = {isa = PBXFileReference; explicitFileType = wrapper.cfbundle; includeInIndex = 0; path = TeachifyUITests.xctest; sourceTree = BUILT_PRODUCTS_DIR; };
		AA12AF8F2076151A0090404A /* TeachifyUITests.swift */ = {isa = PBXFileReference; lastKnownFileType = sourcecode.swift; path = TeachifyUITests.swift; sourceTree = "<group>"; };
		AA12AF912076151A0090404A /* Info.plist */ = {isa = PBXFileReference; lastKnownFileType = text.plist.xml; path = Info.plist; sourceTree = "<group>"; };
		AA486173207F545500C43588 /* CloudKit.framework */ = {isa = PBXFileReference; lastKnownFileType = wrapper.framework; name = CloudKit.framework; path = System/Library/Frameworks/CloudKit.framework; sourceTree = SDKROOT; };
		AA486175207F78C300C43588 /* StudentAwardViewController.swift */ = {isa = PBXFileReference; lastKnownFileType = sourcecode.swift; path = StudentAwardViewController.swift; sourceTree = "<group>"; };
		AA48617B207F7FFF00C43588 /* GameCardCell.swift */ = {isa = PBXFileReference; lastKnownFileType = sourcecode.swift; path = GameCardCell.swift; sourceTree = "<group>"; };
		AA48617D207F801F00C43588 /* GameMenuObject.swift */ = {isa = PBXFileReference; lastKnownFileType = sourcecode.swift; path = GameMenuObject.swift; sourceTree = "<group>"; };
		AA48617F207F8C1100C43588 /* GameCardModelSingleton.swift */ = {isa = PBXFileReference; lastKnownFileType = sourcecode.swift; path = GameCardModelSingleton.swift; sourceTree = "<group>"; };
		AA486183207F8C4200C43588 /* GameInformationItem.swift */ = {isa = PBXFileReference; lastKnownFileType = sourcecode.swift; path = GameInformationItem.swift; sourceTree = "<group>"; };
		AA486185207F8FC900C43588 /* GameCollectionDelegate.swift */ = {isa = PBXFileReference; lastKnownFileType = sourcecode.swift; path = GameCollectionDelegate.swift; sourceTree = "<group>"; };
		AA486187207F8FEA00C43588 /* GameCollectionDataSource.swift */ = {isa = PBXFileReference; lastKnownFileType = sourcecode.swift; path = GameCollectionDataSource.swift; sourceTree = "<group>"; };
		AA6A068A20761F5C00C9420E /* TeacherStoryboard.storyboard */ = {isa = PBXFileReference; lastKnownFileType = file.storyboard; path = TeacherStoryboard.storyboard; sourceTree = "<group>"; };
		AA6A068C20761F6500C9420E /* StudentStoryboard.storyboard */ = {isa = PBXFileReference; lastKnownFileType = file.storyboard; path = StudentStoryboard.storyboard; sourceTree = "<group>"; };
		AA6A068E20761FA700C9420E /* StudentStoyboardID.swift */ = {isa = PBXFileReference; lastKnownFileType = sourcecode.swift; path = StudentStoyboardID.swift; sourceTree = "<group>"; };
		AA6A0692207A617C00C9420E /* StudenMainMenuViewController.swift */ = {isa = PBXFileReference; lastKnownFileType = sourcecode.swift; path = StudenMainMenuViewController.swift; sourceTree = "<group>"; };
		AAB68CE52084AD58001B6655 /* RandomQuestionGenerator.swift */ = {isa = PBXFileReference; fileEncoding = 4; lastKnownFileType = sourcecode.swift; path = RandomQuestionGenerator.swift; sourceTree = "<group>"; };
		AAB68CE62084AD58001B6655 /* MathPianoGame.swift */ = {isa = PBXFileReference; fileEncoding = 4; lastKnownFileType = sourcecode.swift; path = MathPianoGame.swift; sourceTree = "<group>"; };
		AAB68CE72084AD58001B6655 /* MathPianoQuestionModel.swift */ = {isa = PBXFileReference; fileEncoding = 4; lastKnownFileType = sourcecode.swift; path = MathPianoQuestionModel.swift; sourceTree = "<group>"; };
		D405534A2084AFDC00B74CAF /* GameButton.swift */ = {isa = PBXFileReference; lastKnownFileType = sourcecode.swift; path = GameButton.swift; sourceTree = "<group>"; };
		D405534C2084B00300B74CAF /* BasicScene.swift */ = {isa = PBXFileReference; lastKnownFileType = sourcecode.swift; path = BasicScene.swift; sourceTree = "<group>"; };
		D405534E2084B02E00B74CAF /* GameViewController.swift */ = {isa = PBXFileReference; lastKnownFileType = sourcecode.swift; path = GameViewController.swift; sourceTree = "<group>"; };
		D40553502084C5CB00B74CAF /* ResultScene.swift */ = {isa = PBXFileReference; lastKnownFileType = sourcecode.swift; path = ResultScene.swift; sourceTree = "<group>"; };
/* End PBXFileReference section */

/* Begin PBXFrameworksBuildPhase section */
		AA12AF69207615170090404A /* Frameworks */ = {
			isa = PBXFrameworksBuildPhase;
			buildActionMask = 2147483647;
			files = (
				7946FC8F4F1A8A729AE3BD17 /* Pods_Teachify.framework in Frameworks */,
				AA486174207F545500C43588 /* CloudKit.framework in Frameworks */,
			);
			runOnlyForDeploymentPostprocessing = 0;
		};
		AA12AF7D207615190090404A /* Frameworks */ = {
			isa = PBXFrameworksBuildPhase;
			buildActionMask = 2147483647;
			files = (
				47ABC329EB183166C9D98AFB /* Pods_TeachifyTests.framework in Frameworks */,
			);
			runOnlyForDeploymentPostprocessing = 0;
		};
		AA12AF882076151A0090404A /* Frameworks */ = {
			isa = PBXFrameworksBuildPhase;
			buildActionMask = 2147483647;
			files = (
				83D5DF805E9E942FD007785C /* Pods_TeachifyUITests.framework in Frameworks */,
			);
			runOnlyForDeploymentPostprocessing = 0;
		};
/* End PBXFrameworksBuildPhase section */

/* Begin PBXGroup section */
		0F999DC1207B4D4300FF5542 /* TeachKit */ = {
			isa = PBXGroup;
			children = (
				0FEFB4E92084A8C60065A460 /* Extensions */,
				0FC7970F2080CD2B0058813E /* CloudKitTestViewController.swift */,
				0F999DC4207B4D7900FF5542 /* Controller */,
				0F999DCC207B4D7900FF5542 /* Model */,
				0F999DED207B4DF300FF5542 /* Others.swift */,
				0F999DEF207B4E2800FF5542 /* OfflineCloud.swift */,
				0FEFB4EE2084A9000065A460 /* Keys.swift */,
			);
			path = TeachKit;
			sourceTree = "<group>";
		};
		0F999DC4207B4D7900FF5542 /* Controller */ = {
			isa = PBXGroup;
			children = (
				0F999DC5207B4D7900FF5542 /* TKSettingsController.swift */,
				0F999DC6207B4D7900FF5542 /* TKLeaderboardController.swift */,
				0F999DC7207B4D7900FF5542 /* TKUserProfileController.swift */,
				0F999DC8207B4D7900FF5542 /* TKClassController.swift */,
				0FEFB4E5208499B60065A460 /* TKSubjectController.swift */,
				0F999DC9207B4D7900FF5542 /* TKTeacherController.swift */,
				0F999DCA207B4D7900FF5542 /* TKDocumentController.swift */,
				0FEFB4E72084A86B0065A460 /* TKExerciseController.swift */,
				0F999DCB207B4D7900FF5542 /* TKShareController.swift */,
				0FEFB4F02084A9210065A460 /* TeachKitCloudController.swift */,
				0FAB966E2085E38A00FE7F76 /* TKGenericCloudController.swift */,
			);
			path = Controller;
			sourceTree = "<group>";
		};
		0F999DCC207B4D7900FF5542 /* Model */ = {
			isa = PBXGroup;
			children = (
				0F999DCD207B4D7900FF5542 /* TKScore.swift */,
				0F999DCE207B4D7900FF5542 /* TKDocument.swift */,
				0F999DCF207B4D7900FF5542 /* TKExercise.swift */,
				0F999DD0207B4D7900FF5542 /* TKUser.swift */,
				0F999DD1207B4D7900FF5542 /* TKLeaderboardEntry.swift */,
				0F999DD2207B4D7900FF5542 /* TKExerciseType.swift */,
				0F999DD3207B4D7900FF5542 /* Enums */,
				0F999DD8207B4D7900FF5542 /* TKSubject.swift */,
				0F999DD9207B4D7900FF5542 /* TKClass.swift */,
			);
			path = Model;
			sourceTree = "<group>";
		};
		0F999DD3207B4D7900FF5542 /* Enums */ = {
			isa = PBXGroup;
			children = (
				0F999DD4207B4D7900FF5542 /* TKError.swift */,
				0F999DD5207B4D7900FF5542 /* TKRank.swift */,
				0F999DD6207B4D7900FF5542 /* TKFetchSortOption.swift */,
				0F999DD7207B4D7900FF5542 /* TKColor.swift */,
			);
			path = Enums;
			sourceTree = "<group>";
		};
		0FEFB4E92084A8C60065A460 /* Extensions */ = {
			isa = PBXGroup;
			children = (
				0FEFB4EA2084A8D30065A460 /* Extension+CKRecordZone.swift */,
				0FEFB4EC2084A8E50065A460 /* Extension+CKRecord.swift */,
			);
			path = Extensions;
			sourceTree = "<group>";
		};
		33FA51978547303283D73F64 /* Frameworks */ = {
			isa = PBXGroup;
			children = (
				AA486173207F545500C43588 /* CloudKit.framework */,
				42B49DA43F1A766D32C3996B /* Pods_Teachify.framework */,
				8EEC6EF6F522B52BCC0D3676 /* Pods_TeachifyTests.framework */,
				2AA801A873A2A9D93CAE25BA /* Pods_TeachifyUITests.framework */,
			);
			name = Frameworks;
			sourceTree = "<group>";
		};
		744AAC0A28FFD35EC1152180 /* Pods */ = {
			isa = PBXGroup;
			children = (
				A175285ACFD6D651B3D37807 /* Pods-Teachify.debug.xcconfig */,
				1245F710FA6AC7C5254E2206 /* Pods-Teachify.release.xcconfig */,
				51B0D80D9BCACEEC9F90AF8F /* Pods-TeachifyTests.debug.xcconfig */,
				A64284DD3AC14D1AE5910B2D /* Pods-TeachifyTests.release.xcconfig */,
				589BDF22BCCBC2694D4213FE /* Pods-TeachifyUITests.debug.xcconfig */,
				4E4D3EEC1AAD2A655A27D2F9 /* Pods-TeachifyUITests.release.xcconfig */,
			);
			name = Pods;
			sourceTree = "<group>";
		};
		AA12AF63207615170090404A = {
			isa = PBXGroup;
			children = (
				AA12AF6E207615170090404A /* Teachify */,
				AA12AF83207615190090404A /* TeachifyTests */,
				AA12AF8E2076151A0090404A /* TeachifyUITests */,
				AA12AF6D207615170090404A /* Products */,
				744AAC0A28FFD35EC1152180 /* Pods */,
				33FA51978547303283D73F64 /* Frameworks */,
			);
			sourceTree = "<group>";
		};
		AA12AF6D207615170090404A /* Products */ = {
			isa = PBXGroup;
			children = (
				AA12AF6C207615170090404A /* Teachify.app */,
				AA12AF80207615190090404A /* TeachifyTests.xctest */,
				AA12AF8B2076151A0090404A /* TeachifyUITests.xctest */,
			);
			name = Products;
			sourceTree = "<group>";
		};
		AA12AF6E207615170090404A /* Teachify */ = {
			isa = PBXGroup;
			children = (
				0F22D33B207F4E44004C9024 /* Teachify.entitlements */,
				0F999DC1207B4D4300FF5542 /* TeachKit */,
				AA6A068820761BAD00C9420E /* Teacher */,
				AA6A068720761B9400C9420E /* Student */,
				AA12AF6F207615170090404A /* AppDelegate.swift */,
				AA12AF71207615170090404A /* LoginViewController.swift */,
				AA12AF73207615170090404A /* Main.storyboard */,
				AA12AF76207615190090404A /* Assets.xcassets */,
				AA12AF78207615190090404A /* LaunchScreen.storyboard */,
				AA12AF7B207615190090404A /* Info.plist */,
			);
			path = Teachify;
			sourceTree = "<group>";
		};
		AA12AF83207615190090404A /* TeachifyTests */ = {
			isa = PBXGroup;
			children = (
				AA12AF84207615190090404A /* TeachifyTests.swift */,
				AA12AF86207615190090404A /* Info.plist */,
			);
			path = TeachifyTests;
			sourceTree = "<group>";
		};
		AA12AF8E2076151A0090404A /* TeachifyUITests */ = {
			isa = PBXGroup;
			children = (
				AA12AF8F2076151A0090404A /* TeachifyUITests.swift */,
				AA12AF912076151A0090404A /* Info.plist */,
			);
			path = TeachifyUITests;
			sourceTree = "<group>";
		};
		AA486178207F7B8B00C43588 /* StudentMainMenu */ = {
			isa = PBXGroup;
			children = (
				AA6A0692207A617C00C9420E /* StudenMainMenuViewController.swift */,
				AA48617D207F801F00C43588 /* GameMenuObject.swift */,
				AA48617B207F7FFF00C43588 /* GameCardCell.swift */,
				AA486185207F8FC900C43588 /* GameCollectionDelegate.swift */,
				AA486187207F8FEA00C43588 /* GameCollectionDataSource.swift */,
			);
			path = StudentMainMenu;
			sourceTree = "<group>";
		};
		AA486179207F7B9800C43588 /* StudentAwardMenu */ = {
			isa = PBXGroup;
			children = (
				AA486175207F78C300C43588 /* StudentAwardViewController.swift */,
			);
			path = StudentAwardMenu;
			sourceTree = "<group>";
		};
		AA48617A207F7BB000C43588 /* StudentGameModel */ = {
			isa = PBXGroup;
			children = (
				AA48617F207F8C1100C43588 /* GameCardModelSingleton.swift */,
				AA486183207F8C4200C43588 /* GameInformationItem.swift */,
			);
			path = StudentGameModel;
			sourceTree = "<group>";
		};
		AA6A068720761B9400C9420E /* Student */ = {
			isa = PBXGroup;
			children = (
				D40553492084AFB000B74CAF /* Game */,
				AAB68CE62084AD58001B6655 /* MathPianoGame.swift */,
				AAB68CE72084AD58001B6655 /* MathPianoQuestionModel.swift */,
				AAB68CE52084AD58001B6655 /* RandomQuestionGenerator.swift */,
				AA48617A207F7BB000C43588 /* StudentGameModel */,
				AA486179207F7B9800C43588 /* StudentAwardMenu */,
				AA486178207F7B8B00C43588 /* StudentMainMenu */,
				AA6A068C20761F6500C9420E /* StudentStoryboard.storyboard */,
				AA6A068E20761FA700C9420E /* StudentStoyboardID.swift */,
			);
			path = Student;
			sourceTree = "<group>";
		};
		AA6A068820761BAD00C9420E /* Teacher */ = {
			isa = PBXGroup;
			children = (
				AA6A068A20761F5C00C9420E /* TeacherStoryboard.storyboard */,
			);
			path = Teacher;
			sourceTree = "<group>";
		};
		D40553492084AFB000B74CAF /* Game */ = {
			isa = PBXGroup;
			children = (
				D405534A2084AFDC00B74CAF /* GameButton.swift */,
				D405534C2084B00300B74CAF /* BasicScene.swift */,
				D405534E2084B02E00B74CAF /* GameViewController.swift */,
				D40553502084C5CB00B74CAF /* ResultScene.swift */,
			);
			path = Game;
			sourceTree = "<group>";
		};
/* End PBXGroup section */

/* Begin PBXNativeTarget section */
		AA12AF6B207615170090404A /* Teachify */ = {
			isa = PBXNativeTarget;
			buildConfigurationList = AA12AF942076151A0090404A /* Build configuration list for PBXNativeTarget "Teachify" */;
			buildPhases = (
				C3C6C6A07C91191C7DB89CBB /* [CP] Check Pods Manifest.lock */,
				AA12AF68207615170090404A /* Sources */,
				AA12AF69207615170090404A /* Frameworks */,
				AA12AF6A207615170090404A /* Resources */,
				DD1350B167DAFE80002D4145 /* [CP] Embed Pods Frameworks */,
			);
			buildRules = (
			);
			dependencies = (
			);
			name = Teachify;
			productName = Teachify;
			productReference = AA12AF6C207615170090404A /* Teachify.app */;
			productType = "com.apple.product-type.application";
		};
		AA12AF7F207615190090404A /* TeachifyTests */ = {
			isa = PBXNativeTarget;
			buildConfigurationList = AA12AF972076151A0090404A /* Build configuration list for PBXNativeTarget "TeachifyTests" */;
			buildPhases = (
				A23DE66BADB613F005821757 /* [CP] Check Pods Manifest.lock */,
				AA12AF7C207615190090404A /* Sources */,
				AA12AF7D207615190090404A /* Frameworks */,
				AA12AF7E207615190090404A /* Resources */,
			);
			buildRules = (
			);
			dependencies = (
				AA12AF82207615190090404A /* PBXTargetDependency */,
			);
			name = TeachifyTests;
			productName = TeachifyTests;
			productReference = AA12AF80207615190090404A /* TeachifyTests.xctest */;
			productType = "com.apple.product-type.bundle.unit-test";
		};
		AA12AF8A2076151A0090404A /* TeachifyUITests */ = {
			isa = PBXNativeTarget;
			buildConfigurationList = AA12AF9A2076151A0090404A /* Build configuration list for PBXNativeTarget "TeachifyUITests" */;
			buildPhases = (
				BFB55313A6199B1A56B0DDF3 /* [CP] Check Pods Manifest.lock */,
				AA12AF872076151A0090404A /* Sources */,
				AA12AF882076151A0090404A /* Frameworks */,
				AA12AF892076151A0090404A /* Resources */,
			);
			buildRules = (
			);
			dependencies = (
				AA12AF8D2076151A0090404A /* PBXTargetDependency */,
			);
			name = TeachifyUITests;
			productName = TeachifyUITests;
			productReference = AA12AF8B2076151A0090404A /* TeachifyUITests.xctest */;
			productType = "com.apple.product-type.bundle.ui-testing";
		};
/* End PBXNativeTarget section */

/* Begin PBXProject section */
		AA12AF64207615170090404A /* Project object */ = {
			isa = PBXProject;
			attributes = {
				LastSwiftUpdateCheck = 0930;
				LastUpgradeCheck = 0930;
				ORGANIZATIONNAME = "Christian Pfeiffer";
				TargetAttributes = {
					AA12AF6B207615170090404A = {
						CreatedOnToolsVersion = 9.3;
						SystemCapabilities = {
							com.apple.Push = {
								enabled = 1;
							};
							com.apple.iCloud = {
								enabled = 1;
							};
						};
					};
					AA12AF7F207615190090404A = {
						CreatedOnToolsVersion = 9.3;
						TestTargetID = AA12AF6B207615170090404A;
					};
					AA12AF8A2076151A0090404A = {
						CreatedOnToolsVersion = 9.3;
						TestTargetID = AA12AF6B207615170090404A;
					};
				};
			};
			buildConfigurationList = AA12AF67207615170090404A /* Build configuration list for PBXProject "Teachify" */;
			compatibilityVersion = "Xcode 9.3";
			developmentRegion = en;
			hasScannedForEncodings = 0;
			knownRegions = (
				en,
				Base,
			);
			mainGroup = AA12AF63207615170090404A;
			productRefGroup = AA12AF6D207615170090404A /* Products */;
			projectDirPath = "";
			projectRoot = "";
			targets = (
				AA12AF6B207615170090404A /* Teachify */,
				AA12AF7F207615190090404A /* TeachifyTests */,
				AA12AF8A2076151A0090404A /* TeachifyUITests */,
			);
		};
/* End PBXProject section */

/* Begin PBXResourcesBuildPhase section */
		AA12AF6A207615170090404A /* Resources */ = {
			isa = PBXResourcesBuildPhase;
			buildActionMask = 2147483647;
			files = (
				AA6A068B20761F5C00C9420E /* TeacherStoryboard.storyboard in Resources */,
				AA12AF7A207615190090404A /* LaunchScreen.storyboard in Resources */,
				AA12AF77207615190090404A /* Assets.xcassets in Resources */,
				AA12AF75207615170090404A /* Main.storyboard in Resources */,
				AA6A068D20761F6500C9420E /* StudentStoryboard.storyboard in Resources */,
			);
			runOnlyForDeploymentPostprocessing = 0;
		};
		AA12AF7E207615190090404A /* Resources */ = {
			isa = PBXResourcesBuildPhase;
			buildActionMask = 2147483647;
			files = (
			);
			runOnlyForDeploymentPostprocessing = 0;
		};
		AA12AF892076151A0090404A /* Resources */ = {
			isa = PBXResourcesBuildPhase;
			buildActionMask = 2147483647;
			files = (
			);
			runOnlyForDeploymentPostprocessing = 0;
		};
/* End PBXResourcesBuildPhase section */

/* Begin PBXShellScriptBuildPhase section */
		A23DE66BADB613F005821757 /* [CP] Check Pods Manifest.lock */ = {
			isa = PBXShellScriptBuildPhase;
			buildActionMask = 2147483647;
			files = (
			);
			inputPaths = (
				"${PODS_PODFILE_DIR_PATH}/Podfile.lock",
				"${PODS_ROOT}/Manifest.lock",
			);
			name = "[CP] Check Pods Manifest.lock";
			outputPaths = (
				"$(DERIVED_FILE_DIR)/Pods-TeachifyTests-checkManifestLockResult.txt",
			);
			runOnlyForDeploymentPostprocessing = 0;
			shellPath = /bin/sh;
			shellScript = "diff \"${PODS_PODFILE_DIR_PATH}/Podfile.lock\" \"${PODS_ROOT}/Manifest.lock\" > /dev/null\nif [ $? != 0 ] ; then\n    # print error to STDERR\n    echo \"error: The sandbox is not in sync with the Podfile.lock. Run 'pod install' or update your CocoaPods installation.\" >&2\n    exit 1\nfi\n# This output is used by Xcode 'outputs' to avoid re-running this script phase.\necho \"SUCCESS\" > \"${SCRIPT_OUTPUT_FILE_0}\"\n";
			showEnvVarsInLog = 0;
		};
		BFB55313A6199B1A56B0DDF3 /* [CP] Check Pods Manifest.lock */ = {
			isa = PBXShellScriptBuildPhase;
			buildActionMask = 2147483647;
			files = (
			);
			inputPaths = (
				"${PODS_PODFILE_DIR_PATH}/Podfile.lock",
				"${PODS_ROOT}/Manifest.lock",
			);
			name = "[CP] Check Pods Manifest.lock";
			outputPaths = (
				"$(DERIVED_FILE_DIR)/Pods-TeachifyUITests-checkManifestLockResult.txt",
			);
			runOnlyForDeploymentPostprocessing = 0;
			shellPath = /bin/sh;
			shellScript = "diff \"${PODS_PODFILE_DIR_PATH}/Podfile.lock\" \"${PODS_ROOT}/Manifest.lock\" > /dev/null\nif [ $? != 0 ] ; then\n    # print error to STDERR\n    echo \"error: The sandbox is not in sync with the Podfile.lock. Run 'pod install' or update your CocoaPods installation.\" >&2\n    exit 1\nfi\n# This output is used by Xcode 'outputs' to avoid re-running this script phase.\necho \"SUCCESS\" > \"${SCRIPT_OUTPUT_FILE_0}\"\n";
			showEnvVarsInLog = 0;
		};
		C3C6C6A07C91191C7DB89CBB /* [CP] Check Pods Manifest.lock */ = {
			isa = PBXShellScriptBuildPhase;
			buildActionMask = 2147483647;
			files = (
			);
			inputPaths = (
				"${PODS_PODFILE_DIR_PATH}/Podfile.lock",
				"${PODS_ROOT}/Manifest.lock",
			);
			name = "[CP] Check Pods Manifest.lock";
			outputPaths = (
				"$(DERIVED_FILE_DIR)/Pods-Teachify-checkManifestLockResult.txt",
			);
			runOnlyForDeploymentPostprocessing = 0;
			shellPath = /bin/sh;
			shellScript = "diff \"${PODS_PODFILE_DIR_PATH}/Podfile.lock\" \"${PODS_ROOT}/Manifest.lock\" > /dev/null\nif [ $? != 0 ] ; then\n    # print error to STDERR\n    echo \"error: The sandbox is not in sync with the Podfile.lock. Run 'pod install' or update your CocoaPods installation.\" >&2\n    exit 1\nfi\n# This output is used by Xcode 'outputs' to avoid re-running this script phase.\necho \"SUCCESS\" > \"${SCRIPT_OUTPUT_FILE_0}\"\n";
			showEnvVarsInLog = 0;
		};
		DD1350B167DAFE80002D4145 /* [CP] Embed Pods Frameworks */ = {
			isa = PBXShellScriptBuildPhase;
			buildActionMask = 2147483647;
			files = (
			);
			inputPaths = (
				"${SRCROOT}/Pods/Target Support Files/Pods-Teachify/Pods-Teachify-frameworks.sh",
				"${BUILT_PRODUCTS_DIR}/Cards/Cards.framework",
				"${BUILT_PRODUCTS_DIR}/Player/Player.framework",
			);
			name = "[CP] Embed Pods Frameworks";
			outputPaths = (
				"${TARGET_BUILD_DIR}/${FRAMEWORKS_FOLDER_PATH}/Cards.framework",
				"${TARGET_BUILD_DIR}/${FRAMEWORKS_FOLDER_PATH}/Player.framework",
			);
			runOnlyForDeploymentPostprocessing = 0;
			shellPath = /bin/sh;
			shellScript = "\"${SRCROOT}/Pods/Target Support Files/Pods-Teachify/Pods-Teachify-frameworks.sh\"\n";
			showEnvVarsInLog = 0;
		};
/* End PBXShellScriptBuildPhase section */

/* Begin PBXSourcesBuildPhase section */
		AA12AF68207615170090404A /* Sources */ = {
			isa = PBXSourcesBuildPhase;
			buildActionMask = 2147483647;
			files = (
				0F999DE8207B4D7900FF5542 /* TKRank.swift in Sources */,
				AA6A068F20761FA700C9420E /* StudentStoyboardID.swift in Sources */,
				AAB68CE92084AD58001B6655 /* MathPianoGame.swift in Sources */,
				AA6A0693207A617C00C9420E /* StudenMainMenuViewController.swift in Sources */,
				D405534F2084B02E00B74CAF /* GameViewController.swift in Sources */,
				AA486184207F8C4200C43588 /* GameInformationItem.swift in Sources */,
				0FEFB4EF2084A9000065A460 /* Keys.swift in Sources */,
				0FEFB4E82084A86B0065A460 /* TKExerciseController.swift in Sources */,
				0F999DE0207B4D7900FF5542 /* TKShareController.swift in Sources */,
				0F999DEA207B4D7900FF5542 /* TKColor.swift in Sources */,
				0FEFB4F12084A9210065A460 /* TeachKitCloudController.swift in Sources */,
				0F999DE1207B4D7900FF5542 /* TKScore.swift in Sources */,
				0F999DDA207B4D7900FF5542 /* TKSettingsController.swift in Sources */,
				0F999DDD207B4D7900FF5542 /* TKClassController.swift in Sources */,
				0F999DE2207B4D7900FF5542 /* TKDocument.swift in Sources */,
				AA48617C207F7FFF00C43588 /* GameCardCell.swift in Sources */,
				0FEFB4EB2084A8D30065A460 /* Extension+CKRecordZone.swift in Sources */,
				0F999DE6207B4D7900FF5542 /* TKExerciseType.swift in Sources */,
				D405534D2084B00300B74CAF /* BasicScene.swift in Sources */,
				AA486176207F78C300C43588 /* StudentAwardViewController.swift in Sources */,
				0F999DDC207B4D7900FF5542 /* TKUserProfileController.swift in Sources */,
				0F999DE3207B4D7900FF5542 /* TKExercise.swift in Sources */,
				0F999DE5207B4D7900FF5542 /* TKLeaderboardEntry.swift in Sources */,
				0F999DDF207B4D7900FF5542 /* TKDocumentController.swift in Sources */,
				AA12AF72207615170090404A /* LoginViewController.swift in Sources */,
				0F999DDB207B4D7900FF5542 /* TKLeaderboardController.swift in Sources */,
				0F999DDE207B4D7900FF5542 /* TKTeacherController.swift in Sources */,
				0F999DE9207B4D7900FF5542 /* TKFetchSortOption.swift in Sources */,
				0FC797102080CD2B0058813E /* CloudKitTestViewController.swift in Sources */,
				AA12AF70207615170090404A /* AppDelegate.swift in Sources */,
				0FEFB4ED2084A8E50065A460 /* Extension+CKRecord.swift in Sources */,
				AA48617E207F801F00C43588 /* GameMenuObject.swift in Sources */,
				AAB68CEA2084AD58001B6655 /* MathPianoQuestionModel.swift in Sources */,
				AA486186207F8FC900C43588 /* GameCollectionDelegate.swift in Sources */,
				D405534B2084AFDC00B74CAF /* GameButton.swift in Sources */,
				0F999DE4207B4D7900FF5542 /* TKUser.swift in Sources */,
				AA486188207F8FEA00C43588 /* GameCollectionDataSource.swift in Sources */,
				0F999DEE207B4DF300FF5542 /* Others.swift in Sources */,
				D40553512084C5CB00B74CAF /* ResultScene.swift in Sources */,
				0F999DE7207B4D7900FF5542 /* TKError.swift in Sources */,
				AA486180207F8C1100C43588 /* GameCardModelSingleton.swift in Sources */,
				AAB68CE82084AD58001B6655 /* RandomQuestionGenerator.swift in Sources */,
				0F999DEC207B4D7900FF5542 /* TKClass.swift in Sources */,
				0F999DF0207B4E2800FF5542 /* OfflineCloud.swift in Sources */,
				0F999DEB207B4D7900FF5542 /* TKSubject.swift in Sources */,
				0FEFB4E6208499B60065A460 /* TKSubjectController.swift in Sources */,
				0FAB966F2085E38A00FE7F76 /* TKGenericCloudController.swift in Sources */,
			);
			runOnlyForDeploymentPostprocessing = 0;
		};
		AA12AF7C207615190090404A /* Sources */ = {
			isa = PBXSourcesBuildPhase;
			buildActionMask = 2147483647;
			files = (
				AA12AF85207615190090404A /* TeachifyTests.swift in Sources */,
			);
			runOnlyForDeploymentPostprocessing = 0;
		};
		AA12AF872076151A0090404A /* Sources */ = {
			isa = PBXSourcesBuildPhase;
			buildActionMask = 2147483647;
			files = (
				AA12AF902076151A0090404A /* TeachifyUITests.swift in Sources */,
			);
			runOnlyForDeploymentPostprocessing = 0;
		};
/* End PBXSourcesBuildPhase section */

/* Begin PBXTargetDependency section */
		AA12AF82207615190090404A /* PBXTargetDependency */ = {
			isa = PBXTargetDependency;
			target = AA12AF6B207615170090404A /* Teachify */;
			targetProxy = AA12AF81207615190090404A /* PBXContainerItemProxy */;
		};
		AA12AF8D2076151A0090404A /* PBXTargetDependency */ = {
			isa = PBXTargetDependency;
			target = AA12AF6B207615170090404A /* Teachify */;
			targetProxy = AA12AF8C2076151A0090404A /* PBXContainerItemProxy */;
		};
/* End PBXTargetDependency section */

/* Begin PBXVariantGroup section */
		AA12AF73207615170090404A /* Main.storyboard */ = {
			isa = PBXVariantGroup;
			children = (
				AA12AF74207615170090404A /* Base */,
			);
			name = Main.storyboard;
			sourceTree = "<group>";
		};
		AA12AF78207615190090404A /* LaunchScreen.storyboard */ = {
			isa = PBXVariantGroup;
			children = (
				AA12AF79207615190090404A /* Base */,
			);
			name = LaunchScreen.storyboard;
			sourceTree = "<group>";
		};
/* End PBXVariantGroup section */

/* Begin XCBuildConfiguration section */
		AA12AF922076151A0090404A /* Debug */ = {
			isa = XCBuildConfiguration;
			buildSettings = {
				ALWAYS_SEARCH_USER_PATHS = NO;
				CLANG_ANALYZER_NONNULL = YES;
				CLANG_ANALYZER_NUMBER_OBJECT_CONVERSION = YES_AGGRESSIVE;
				CLANG_CXX_LANGUAGE_STANDARD = "gnu++14";
				CLANG_CXX_LIBRARY = "libc++";
				CLANG_ENABLE_MODULES = YES;
				CLANG_ENABLE_OBJC_ARC = YES;
				CLANG_ENABLE_OBJC_WEAK = YES;
				CLANG_WARN_BLOCK_CAPTURE_AUTORELEASING = YES;
				CLANG_WARN_BOOL_CONVERSION = YES;
				CLANG_WARN_COMMA = YES;
				CLANG_WARN_CONSTANT_CONVERSION = YES;
				CLANG_WARN_DEPRECATED_OBJC_IMPLEMENTATIONS = YES;
				CLANG_WARN_DIRECT_OBJC_ISA_USAGE = YES_ERROR;
				CLANG_WARN_DOCUMENTATION_COMMENTS = YES;
				CLANG_WARN_EMPTY_BODY = YES;
				CLANG_WARN_ENUM_CONVERSION = YES;
				CLANG_WARN_INFINITE_RECURSION = YES;
				CLANG_WARN_INT_CONVERSION = YES;
				CLANG_WARN_NON_LITERAL_NULL_CONVERSION = YES;
				CLANG_WARN_OBJC_IMPLICIT_RETAIN_SELF = YES;
				CLANG_WARN_OBJC_LITERAL_CONVERSION = YES;
				CLANG_WARN_OBJC_ROOT_CLASS = YES_ERROR;
				CLANG_WARN_RANGE_LOOP_ANALYSIS = YES;
				CLANG_WARN_STRICT_PROTOTYPES = YES;
				CLANG_WARN_SUSPICIOUS_MOVE = YES;
				CLANG_WARN_UNGUARDED_AVAILABILITY = YES_AGGRESSIVE;
				CLANG_WARN_UNREACHABLE_CODE = YES;
				CLANG_WARN__DUPLICATE_METHOD_MATCH = YES;
				CODE_SIGN_IDENTITY = "iPhone Developer";
				COPY_PHASE_STRIP = NO;
				DEBUG_INFORMATION_FORMAT = dwarf;
				ENABLE_STRICT_OBJC_MSGSEND = YES;
				ENABLE_TESTABILITY = YES;
				GCC_C_LANGUAGE_STANDARD = gnu11;
				GCC_DYNAMIC_NO_PIC = NO;
				GCC_NO_COMMON_BLOCKS = YES;
				GCC_OPTIMIZATION_LEVEL = 0;
				GCC_PREPROCESSOR_DEFINITIONS = (
					"DEBUG=1",
					"$(inherited)",
				);
				GCC_WARN_64_TO_32_BIT_CONVERSION = YES;
				GCC_WARN_ABOUT_RETURN_TYPE = YES_ERROR;
				GCC_WARN_UNDECLARED_SELECTOR = YES;
				GCC_WARN_UNINITIALIZED_AUTOS = YES_AGGRESSIVE;
				GCC_WARN_UNUSED_FUNCTION = YES;
				GCC_WARN_UNUSED_VARIABLE = YES;
				IPHONEOS_DEPLOYMENT_TARGET = 11.3;
				MTL_ENABLE_DEBUG_INFO = YES;
				ONLY_ACTIVE_ARCH = YES;
				SDKROOT = iphoneos;
				SWIFT_ACTIVE_COMPILATION_CONDITIONS = DEBUG;
				SWIFT_OPTIMIZATION_LEVEL = "-Onone";
			};
			name = Debug;
		};
		AA12AF932076151A0090404A /* Release */ = {
			isa = XCBuildConfiguration;
			buildSettings = {
				ALWAYS_SEARCH_USER_PATHS = NO;
				CLANG_ANALYZER_NONNULL = YES;
				CLANG_ANALYZER_NUMBER_OBJECT_CONVERSION = YES_AGGRESSIVE;
				CLANG_CXX_LANGUAGE_STANDARD = "gnu++14";
				CLANG_CXX_LIBRARY = "libc++";
				CLANG_ENABLE_MODULES = YES;
				CLANG_ENABLE_OBJC_ARC = YES;
				CLANG_ENABLE_OBJC_WEAK = YES;
				CLANG_WARN_BLOCK_CAPTURE_AUTORELEASING = YES;
				CLANG_WARN_BOOL_CONVERSION = YES;
				CLANG_WARN_COMMA = YES;
				CLANG_WARN_CONSTANT_CONVERSION = YES;
				CLANG_WARN_DEPRECATED_OBJC_IMPLEMENTATIONS = YES;
				CLANG_WARN_DIRECT_OBJC_ISA_USAGE = YES_ERROR;
				CLANG_WARN_DOCUMENTATION_COMMENTS = YES;
				CLANG_WARN_EMPTY_BODY = YES;
				CLANG_WARN_ENUM_CONVERSION = YES;
				CLANG_WARN_INFINITE_RECURSION = YES;
				CLANG_WARN_INT_CONVERSION = YES;
				CLANG_WARN_NON_LITERAL_NULL_CONVERSION = YES;
				CLANG_WARN_OBJC_IMPLICIT_RETAIN_SELF = YES;
				CLANG_WARN_OBJC_LITERAL_CONVERSION = YES;
				CLANG_WARN_OBJC_ROOT_CLASS = YES_ERROR;
				CLANG_WARN_RANGE_LOOP_ANALYSIS = YES;
				CLANG_WARN_STRICT_PROTOTYPES = YES;
				CLANG_WARN_SUSPICIOUS_MOVE = YES;
				CLANG_WARN_UNGUARDED_AVAILABILITY = YES_AGGRESSIVE;
				CLANG_WARN_UNREACHABLE_CODE = YES;
				CLANG_WARN__DUPLICATE_METHOD_MATCH = YES;
				CODE_SIGN_IDENTITY = "iPhone Developer";
				COPY_PHASE_STRIP = NO;
				DEBUG_INFORMATION_FORMAT = "dwarf-with-dsym";
				ENABLE_NS_ASSERTIONS = NO;
				ENABLE_STRICT_OBJC_MSGSEND = YES;
				GCC_C_LANGUAGE_STANDARD = gnu11;
				GCC_NO_COMMON_BLOCKS = YES;
				GCC_WARN_64_TO_32_BIT_CONVERSION = YES;
				GCC_WARN_ABOUT_RETURN_TYPE = YES_ERROR;
				GCC_WARN_UNDECLARED_SELECTOR = YES;
				GCC_WARN_UNINITIALIZED_AUTOS = YES_AGGRESSIVE;
				GCC_WARN_UNUSED_FUNCTION = YES;
				GCC_WARN_UNUSED_VARIABLE = YES;
				IPHONEOS_DEPLOYMENT_TARGET = 11.3;
				MTL_ENABLE_DEBUG_INFO = NO;
				SDKROOT = iphoneos;
				SWIFT_COMPILATION_MODE = wholemodule;
				SWIFT_OPTIMIZATION_LEVEL = "-O";
				VALIDATE_PRODUCT = YES;
			};
			name = Release;
		};
		AA12AF952076151A0090404A /* Debug */ = {
			isa = XCBuildConfiguration;
			baseConfigurationReference = A175285ACFD6D651B3D37807 /* Pods-Teachify.debug.xcconfig */;
			buildSettings = {
				ASSETCATALOG_COMPILER_APPICON_NAME = AppIcon;
				CODE_SIGN_ENTITLEMENTS = Teachify/Teachify.entitlements;
				CODE_SIGN_STYLE = Automatic;
				DEVELOPMENT_TEAM = FM446M8BR4;
				INFOPLIST_FILE = Teachify/Info.plist;
				IPHONEOS_DEPLOYMENT_TARGET = 11.0;
				LD_RUNPATH_SEARCH_PATHS = (
					"$(inherited)",
					"@executable_path/Frameworks",
				);
				PRODUCT_BUNDLE_IDENTIFIER = "iosapps.hof-university.teachify";
				PRODUCT_NAME = "$(TARGET_NAME)";
				SWIFT_VERSION = 4.0;
				TARGETED_DEVICE_FAMILY = 2;
			};
			name = Debug;
		};
		AA12AF962076151A0090404A /* Release */ = {
			isa = XCBuildConfiguration;
			baseConfigurationReference = 1245F710FA6AC7C5254E2206 /* Pods-Teachify.release.xcconfig */;
			buildSettings = {
				ASSETCATALOG_COMPILER_APPICON_NAME = AppIcon;
				CODE_SIGN_ENTITLEMENTS = Teachify/Teachify.entitlements;
				CODE_SIGN_STYLE = Automatic;
				DEVELOPMENT_TEAM = FM446M8BR4;
				INFOPLIST_FILE = Teachify/Info.plist;
				IPHONEOS_DEPLOYMENT_TARGET = 11.0;
				LD_RUNPATH_SEARCH_PATHS = (
					"$(inherited)",
					"@executable_path/Frameworks",
				);
				PRODUCT_BUNDLE_IDENTIFIER = "iosapps.hof-university.teachify";
				PRODUCT_NAME = "$(TARGET_NAME)";
				SWIFT_VERSION = 4.0;
				TARGETED_DEVICE_FAMILY = 2;
			};
			name = Release;
		};
		AA12AF982076151A0090404A /* Debug */ = {
			isa = XCBuildConfiguration;
			baseConfigurationReference = 51B0D80D9BCACEEC9F90AF8F /* Pods-TeachifyTests.debug.xcconfig */;
			buildSettings = {
				ALWAYS_EMBED_SWIFT_STANDARD_LIBRARIES = YES;
				BUNDLE_LOADER = "$(TEST_HOST)";
				CODE_SIGN_STYLE = Automatic;
				DEVELOPMENT_TEAM = 5H5DB854MQ;
				INFOPLIST_FILE = TeachifyTests/Info.plist;
				LD_RUNPATH_SEARCH_PATHS = (
					"$(inherited)",
					"@executable_path/Frameworks",
					"@loader_path/Frameworks",
				);
				PRODUCT_BUNDLE_IDENTIFIER = cpfeiffer.TeachifyTests;
				PRODUCT_NAME = "$(TARGET_NAME)";
				SWIFT_VERSION = 4.0;
				TARGETED_DEVICE_FAMILY = "1,2";
				TEST_HOST = "$(BUILT_PRODUCTS_DIR)/Teachify.app/Teachify";
			};
			name = Debug;
		};
		AA12AF992076151A0090404A /* Release */ = {
			isa = XCBuildConfiguration;
			baseConfigurationReference = A64284DD3AC14D1AE5910B2D /* Pods-TeachifyTests.release.xcconfig */;
			buildSettings = {
				ALWAYS_EMBED_SWIFT_STANDARD_LIBRARIES = YES;
				BUNDLE_LOADER = "$(TEST_HOST)";
				CODE_SIGN_STYLE = Automatic;
				DEVELOPMENT_TEAM = 5H5DB854MQ;
				INFOPLIST_FILE = TeachifyTests/Info.plist;
				LD_RUNPATH_SEARCH_PATHS = (
					"$(inherited)",
					"@executable_path/Frameworks",
					"@loader_path/Frameworks",
				);
				PRODUCT_BUNDLE_IDENTIFIER = cpfeiffer.TeachifyTests;
				PRODUCT_NAME = "$(TARGET_NAME)";
				SWIFT_VERSION = 4.0;
				TARGETED_DEVICE_FAMILY = "1,2";
				TEST_HOST = "$(BUILT_PRODUCTS_DIR)/Teachify.app/Teachify";
			};
			name = Release;
		};
		AA12AF9B2076151A0090404A /* Debug */ = {
			isa = XCBuildConfiguration;
			baseConfigurationReference = 589BDF22BCCBC2694D4213FE /* Pods-TeachifyUITests.debug.xcconfig */;
			buildSettings = {
				ALWAYS_EMBED_SWIFT_STANDARD_LIBRARIES = YES;
				CODE_SIGN_STYLE = Automatic;
				DEVELOPMENT_TEAM = 5H5DB854MQ;
				INFOPLIST_FILE = TeachifyUITests/Info.plist;
				LD_RUNPATH_SEARCH_PATHS = (
					"$(inherited)",
					"@executable_path/Frameworks",
					"@loader_path/Frameworks",
				);
				PRODUCT_BUNDLE_IDENTIFIER = cpfeiffer.TeachifyUITests;
				PRODUCT_NAME = "$(TARGET_NAME)";
				SWIFT_VERSION = 4.0;
				TARGETED_DEVICE_FAMILY = "1,2";
				TEST_TARGET_NAME = Teachify;
			};
			name = Debug;
		};
		AA12AF9C2076151A0090404A /* Release */ = {
			isa = XCBuildConfiguration;
			baseConfigurationReference = 4E4D3EEC1AAD2A655A27D2F9 /* Pods-TeachifyUITests.release.xcconfig */;
			buildSettings = {
				ALWAYS_EMBED_SWIFT_STANDARD_LIBRARIES = YES;
				CODE_SIGN_STYLE = Automatic;
				DEVELOPMENT_TEAM = 5H5DB854MQ;
				INFOPLIST_FILE = TeachifyUITests/Info.plist;
				LD_RUNPATH_SEARCH_PATHS = (
					"$(inherited)",
					"@executable_path/Frameworks",
					"@loader_path/Frameworks",
				);
				PRODUCT_BUNDLE_IDENTIFIER = cpfeiffer.TeachifyUITests;
				PRODUCT_NAME = "$(TARGET_NAME)";
				SWIFT_VERSION = 4.0;
				TARGETED_DEVICE_FAMILY = "1,2";
				TEST_TARGET_NAME = Teachify;
			};
			name = Release;
		};
/* End XCBuildConfiguration section */

/* Begin XCConfigurationList section */
		AA12AF67207615170090404A /* Build configuration list for PBXProject "Teachify" */ = {
			isa = XCConfigurationList;
			buildConfigurations = (
				AA12AF922076151A0090404A /* Debug */,
				AA12AF932076151A0090404A /* Release */,
			);
			defaultConfigurationIsVisible = 0;
			defaultConfigurationName = Release;
		};
		AA12AF942076151A0090404A /* Build configuration list for PBXNativeTarget "Teachify" */ = {
			isa = XCConfigurationList;
			buildConfigurations = (
				AA12AF952076151A0090404A /* Debug */,
				AA12AF962076151A0090404A /* Release */,
			);
			defaultConfigurationIsVisible = 0;
			defaultConfigurationName = Release;
		};
		AA12AF972076151A0090404A /* Build configuration list for PBXNativeTarget "TeachifyTests" */ = {
			isa = XCConfigurationList;
			buildConfigurations = (
				AA12AF982076151A0090404A /* Debug */,
				AA12AF992076151A0090404A /* Release */,
			);
			defaultConfigurationIsVisible = 0;
			defaultConfigurationName = Release;
		};
		AA12AF9A2076151A0090404A /* Build configuration list for PBXNativeTarget "TeachifyUITests" */ = {
			isa = XCConfigurationList;
			buildConfigurations = (
				AA12AF9B2076151A0090404A /* Debug */,
				AA12AF9C2076151A0090404A /* Release */,
			);
			defaultConfigurationIsVisible = 0;
			defaultConfigurationName = Release;
		};
/* End XCConfigurationList section */
	};
	rootObject = AA12AF64207615170090404A /* Project object */;
}
